
Microsoft Visual Studio Solution File, Format Version 12.00
# Visual Studio Version 16
VisualStudioVersion = 16.0.30204.135
MinimumVisualStudioVersion = 10.0.40219.1
Project("{FAE04EC0-301F-11D3-BF4B-00C04F79EFBC}") = "AspNetCoreBackendDemo", "AspNetCoreBackendDemo\AspNetCoreBackendDemo.csproj", "{88362887-BF66-4DD2-B98A-633C31591453}"
EndProject
Global
	GlobalSection(SolutionConfigurationPlatforms) = preSolution
		Debug|Any CPU = Debug|Any CPU
		Release|Any CPU = Release|Any CPU
	EndGlobalSection
	GlobalSection(ProjectConfigurationPlatforms) = postSolution
		{88362887-BF66-4DD2-B98A-633C31591453}.Debug|Any CPU.ActiveCfg = Debug|Any CPU
		{88362887-BF66-4DD2-B98A-633C31591453}.Debug|Any CPU.Build.0 = Debug|Any CPU
		{88362887-BF66-4DD2-B98A-633C31591453}.Release|Any CPU.ActiveCfg = Release|Any CPU
		{88362887-BF66-4DD2-B98A-633C31591453}.Release|Any CPU.Build.0 = Release|Any CPU
	EndGlobalSection
	GlobalSection(SolutionProperties) = preSolution
		HideSolutionNode = FALSE
	EndGlobalSection
	GlobalSection(ExtensibilityGlobals) = postSolution
		SolutionGuid = {BBE8932A-0F41-4F58-AE85-FD6488FB513D}
	EndGlobalSection
EndGlobal
