
Microsoft Visual Studio Solution File, Format Version 12.00
# Visual Studio Version 16
VisualStudioVersion = 16.0.29613.14
MinimumVisualStudioVersion = 10.0.40219.1
Project("{FAE04EC0-301F-11D3-BF4B-00C04F79EFBC}") = "AdoNetDemo", "AdoNetDemo\AdoNetDemo.csproj", "{B0A2FA1A-21EF-46B6-821A-D0FA8B4976BB}"
EndProject
Global
	GlobalSection(SolutionConfigurationPlatforms) = preSolution
		Debug|Any CPU = Debug|Any CPU
		Release|Any CPU = Release|Any CPU
	EndGlobalSection
	GlobalSection(ProjectConfigurationPlatforms) = postSolution
		{B0A2FA1A-21EF-46B6-821A-D0FA8B4976BB}.Debug|Any CPU.ActiveCfg = Debug|Any CPU
		{B0A2FA1A-21EF-46B6-821A-D0FA8B4976BB}.Debug|Any CPU.Build.0 = Debug|Any CPU
		{B0A2FA1A-21EF-46B6-821A-D0FA8B4976BB}.Release|Any CPU.ActiveCfg = Release|Any CPU
		{B0A2FA1A-21EF-46B6-821A-D0FA8B4976BB}.Release|Any CPU.Build.0 = Release|Any CPU
	EndGlobalSection
	GlobalSection(SolutionProperties) = preSolution
		HideSolutionNode = FALSE
	EndGlobalSection
	GlobalSection(ExtensibilityGlobals) = postSolution
		SolutionGuid = {14562E3F-8B58-4A1E-8D1D-9BC5F5734022}
	EndGlobalSection
EndGlobal
