
Microsoft Visual Studio Solution File, Format Version 12.00
# Visual Studio Version 16
VisualStudioVersion = 16.0.29613.14
MinimumVisualStudioVersion = 10.0.40219.1
Project("{FAE04EC0-301F-11D3-BF4B-00C04F79EFBC}") = "AdventureWorksDemo", "AdventureWorksDemo\AdventureWorksDemo.csproj", "{89B6F7BB-C442-42FA-B09A-6893D849B81A}"
EndProject
Global
	GlobalSection(SolutionConfigurationPlatforms) = preSolution
		Debug|Any CPU = Debug|Any CPU
		Release|Any CPU = Release|Any CPU
	EndGlobalSection
	GlobalSection(ProjectConfigurationPlatforms) = postSolution
		{89B6F7BB-C442-42FA-B09A-6893D849B81A}.Debug|Any CPU.ActiveCfg = Debug|Any CPU
		{89B6F7BB-C442-42FA-B09A-6893D849B81A}.Debug|Any CPU.Build.0 = Debug|Any CPU
		{89B6F7BB-C442-42FA-B09A-6893D849B81A}.Release|Any CPU.ActiveCfg = Release|Any CPU
		{89B6F7BB-C442-42FA-B09A-6893D849B81A}.Release|Any CPU.Build.0 = Release|Any CPU
	EndGlobalSection
	GlobalSection(SolutionProperties) = preSolution
		HideSolutionNode = FALSE
	EndGlobalSection
	GlobalSection(ExtensibilityGlobals) = postSolution
		SolutionGuid = {AE5845F2-3F11-47AF-8DA0-36EC8FE881C5}
	EndGlobalSection
EndGlobal
