
Microsoft Visual Studio Solution File, Format Version 12.00
# Visual Studio Version 16
VisualStudioVersion = 16.0.30406.217
MinimumVisualStudioVersion = 10.0.40219.1
Project("{FAE04EC0-301F-11D3-BF4B-00C04F79EFBC}") = "AzureWebDemo", "AzureWebDemo\AzureWebDemo.csproj", "{AC7A0205-7ECB-462C-9CB8-E464D5918FAF}"
EndProject
Global
	GlobalSection(SolutionConfigurationPlatforms) = preSolution
		Debug|Any CPU = Debug|Any CPU
		Release|Any CPU = Release|Any CPU
	EndGlobalSection
	GlobalSection(ProjectConfigurationPlatforms) = postSolution
		{AC7A0205-7ECB-462C-9CB8-E464D5918FAF}.Debug|Any CPU.ActiveCfg = Debug|Any CPU
		{AC7A0205-7ECB-462C-9CB8-E464D5918FAF}.Debug|Any CPU.Build.0 = Debug|Any CPU
		{AC7A0205-7ECB-462C-9CB8-E464D5918FAF}.Release|Any CPU.ActiveCfg = Release|Any CPU
		{AC7A0205-7ECB-462C-9CB8-E464D5918FAF}.Release|Any CPU.Build.0 = Release|Any CPU
	EndGlobalSection
	GlobalSection(SolutionProperties) = preSolution
		HideSolutionNode = FALSE
	EndGlobalSection
	GlobalSection(ExtensibilityGlobals) = postSolution
		SolutionGuid = {47823EB2-1947-4FE7-A436-5AB1F36E9087}
	EndGlobalSection
EndGlobal
