
Microsoft Visual Studio Solution File, Format Version 12.00
# Visual Studio Version 16
VisualStudioVersion = 16.0.29613.14
MinimumVisualStudioVersion = 10.0.40219.1
Project("{FAE04EC0-301F-11D3-BF4B-00C04F79EFBC}") = "SqlServerTesti", "SqlServerTesti\SqlServerTesti.csproj", "{048F3162-27C0-4314-930B-982695F80DD3}"
EndProject
Global
	GlobalSection(SolutionConfigurationPlatforms) = preSolution
		Debug|Any CPU = Debug|Any CPU
		Release|Any CPU = Release|Any CPU
	EndGlobalSection
	GlobalSection(ProjectConfigurationPlatforms) = postSolution
		{048F3162-27C0-4314-930B-982695F80DD3}.Debug|Any CPU.ActiveCfg = Debug|Any CPU
		{048F3162-27C0-4314-930B-982695F80DD3}.Debug|Any CPU.Build.0 = Debug|Any CPU
		{048F3162-27C0-4314-930B-982695F80DD3}.Release|Any CPU.ActiveCfg = Release|Any CPU
		{048F3162-27C0-4314-930B-982695F80DD3}.Release|Any CPU.Build.0 = Release|Any CPU
	EndGlobalSection
	GlobalSection(SolutionProperties) = preSolution
		HideSolutionNode = FALSE
	EndGlobalSection
	GlobalSection(ExtensibilityGlobals) = postSolution
		SolutionGuid = {CAB6AD16-7C73-44A7-AFC8-EDEEA82BEE60}
	EndGlobalSection
EndGlobal
